
Microsoft Visual Studio Solution File, Format Version 12.00
# Visual Studio 15
VisualStudioVersion = 15.0.27703.2035
MinimumVisualStudioVersion = 10.0.40219.1
Project("{FAE04EC0-301F-11D3-BF4B-00C04F79EFBC}") = "Server", "Server\Server.csproj", "{64E523D1-DEB2-4FC0-85A3-FCC3D992B638}"
EndProject
Project("{FAE04EC0-301F-11D3-BF4B-00C04F79EFBC}") = "Protocal", "Protocal\Protocal.csproj", "{6F683CB4-D761-4169-B2FB-6CD372AEEE64}"
EndProject
Global
	GlobalSection(SolutionConfigurationPlatforms) = preSolution
		Debug|Any CPU = Debug|Any CPU
		Release|Any CPU = Release|Any CPU
	EndGlobalSection
	GlobalSection(ProjectConfigurationPlatforms) = postSolution
		{64E523D1-DEB2-4FC0-85A3-FCC3D992B638}.Debug|Any CPU.ActiveCfg = Debug|Any CPU
		{64E523D1-DEB2-4FC0-85A3-FCC3D992B638}.Debug|Any CPU.Build.0 = Debug|Any CPU
		{64E523D1-DEB2-4FC0-85A3-FCC3D992B638}.Release|Any CPU.ActiveCfg = Release|Any CPU
		{64E523D1-DEB2-4FC0-85A3-FCC3D992B638}.Release|Any CPU.Build.0 = Release|Any CPU
		{6F683CB4-D761-4169-B2FB-6CD372AEEE64}.Debug|Any CPU.ActiveCfg = Debug|Any CPU
		{6F683CB4-D761-4169-B2FB-6CD372AEEE64}.Debug|Any CPU.Build.0 = Debug|Any CPU
		{6F683CB4-D761-4169-B2FB-6CD372AEEE64}.Release|Any CPU.ActiveCfg = Release|Any CPU
		{6F683CB4-D761-4169-B2FB-6CD372AEEE64}.Release|Any CPU.Build.0 = Release|Any CPU
	EndGlobalSection
	GlobalSection(SolutionProperties) = preSolution
		HideSolutionNode = FALSE
	EndGlobalSection
	GlobalSection(ExtensibilityGlobals) = postSolution
		SolutionGuid = {EE9653F4-7F3D-4559-9094-9CB0C5D77C12}
	EndGlobalSection
EndGlobal
